{
  "name": "DailyRecord",
  "lockfileVersion": 2,
  "requires": true,
  "packages": {
    "": {
      "dependencies": {
        "@codekraft-studio/vue-record": "^0.0.3"
      }
    },
    "node_modules/@codekraft-studio/vue-record": {
      "version": "0.0.3",
      "resolved": "https://registry.npmjs.org/@codekraft-studio/vue-record/-/vue-record-0.0.3.tgz",
      "integrity": "sha512-lythfIuNb9JD9aEoLkJ5YoDSKJcLEJY9JXYP28xT3ePAbf1hfo/Z5ZuJOWORp4WWtO3FifNlVMzrePrVG84XhA==",
      "dependencies": {
        "startaudiocontext": "^1.2.1",
        "tone": "^13.8.25",
        "vue": "^2.0"
      }
    },
    "node_modules/startaudiocontext": {
      "version": "1.2.1",
      "license": "MIT"
    },
    "node_modules/tone": {
      "version": "13.8.34",
      "license": "MIT"
    },
    "node_modules/vue": {
      "version": "2.6.14",
      "license": "MIT"
    }
  },
  "dependencies": {
    "@codekraft-studio/vue-record": {
      "version": "0.0.3",
      "resolved": "https://registry.npmjs.org/@codekraft-studio/vue-record/-/vue-record-0.0.3.tgz",
      "integrity": "sha512-lythfIuNb9JD9aEoLkJ5YoDSKJcLEJY9JXYP28xT3ePAbf1hfo/Z5ZuJOWORp4WWtO3FifNlVMzrePrVG84XhA==",
      "requires": {
        "startaudiocontext": "^1.2.1",
        "tone": "^13.8.25",
        "vue": "^2.0"
      }
    },
    "startaudiocontext": {
      "version": "1.2.1"
    },
    "tone": {
      "version": "13.8.34"
    },
    "vue": {
      "version": "2.6.14"
    }
  }
}
